
Microsoft Visual Studio Solution File, Format Version 11.00
# Visual Studio 2010
Project("{FAE04EC0-301F-11D3-BF4B-00C04F79EFBC}") = "SampleSite", "SampleSite\SampleSite.csproj", "{952EAFB6-F4FA-46F9-AA45-4872E0189D4B}"
EndProject
Global
	GlobalSection(SolutionConfigurationPlatforms) = preSolution
		Debug|Any CPU = Debug|Any CPU
		Release|Any CPU = Release|Any CPU
	EndGlobalSection
	GlobalSection(ProjectConfigurationPlatforms) = postSolution
		{952EAFB6-F4FA-46F9-AA45-4872E0189D4B}.Debug|Any CPU.ActiveCfg = Debug|Any CPU
		{952EAFB6-F4FA-46F9-AA45-4872E0189D4B}.Debug|Any CPU.Build.0 = Debug|Any CPU
		{952EAFB6-F4FA-46F9-AA45-4872E0189D4B}.Release|Any CPU.ActiveCfg = Release|Any CPU
		{952EAFB6-F4FA-46F9-AA45-4872E0189D4B}.Release|Any CPU.Build.0 = Release|Any CPU
	EndGlobalSection
	GlobalSection(SolutionProperties) = preSolution
		HideSolutionNode = FALSE
	EndGlobalSection
EndGlobal
